
Microsoft Visual Studio Solution File, Format Version 12.00
# Visual Studio Version 17
VisualStudioVersion = 17.4.33122.133
MinimumVisualStudioVersion = 10.0.40219.1
Project("{9A19103F-16F7-4668-BE54-9A1E7A4F7556}") = "RunGroupWebApp", "RunGroupWebApp\RunGroupWebApp.csproj", "{B3D1BF78-F7C7-4A9B-AC9A-75D654AE21B4}"
EndProject
Global
	GlobalSection(SolutionConfigurationPlatforms) = preSolution
		Debug|Any CPU = Debug|Any CPU
		Release|Any CPU = Release|Any CPU
	EndGlobalSection
	GlobalSection(ProjectConfigurationPlatforms) = postSolution
		{B3D1BF78-F7C7-4A9B-AC9A-75D654AE21B4}.Debug|Any CPU.ActiveCfg = Debug|Any CPU
		{B3D1BF78-F7C7-4A9B-AC9A-75D654AE21B4}.Debug|Any CPU.Build.0 = Debug|Any CPU
		{B3D1BF78-F7C7-4A9B-AC9A-75D654AE21B4}.Release|Any CPU.ActiveCfg = Release|Any CPU
		{B3D1BF78-F7C7-4A9B-AC9A-75D654AE21B4}.Release|Any CPU.Build.0 = Release|Any CPU
	EndGlobalSection
	GlobalSection(SolutionProperties) = preSolution
		HideSolutionNode = FALSE
	EndGlobalSection
	GlobalSection(ExtensibilityGlobals) = postSolution
		SolutionGuid = {1E0B0E7F-119F-47A9-A147-AD21CF9D7E7B}
	EndGlobalSection
EndGlobal
